
Microsoft Visual Studio Solution File, Format Version 12.00
# Visual Studio Version 16
VisualStudioVersion = 16.0.29201.188
MinimumVisualStudioVersion = 10.0.40219.1
Project("{FAE04EC0-301F-11D3-BF4B-00C04F79EFBC}") = "Tarea7.Android", "Tarea7\Tarea7.Android\Tarea7.Android.csproj", "{DE0B0290-64CF-40A4-A3A9-3F9EC7E4BA2F}"
EndProject
Project("{FAE04EC0-301F-11D3-BF4B-00C04F79EFBC}") = "Tarea7.iOS", "Tarea7\Tarea7.iOS\Tarea7.iOS.csproj", "{5ECCEE0F-C125-4EE0-BB56-E1FCCDC9782F}"
EndProject
Project("{FAE04EC0-301F-11D3-BF4B-00C04F79EFBC}") = "Tarea7", "Tarea7\Tarea7\Tarea7.csproj", "{B80FA3BE-1252-4EB7-A6B5-492D58CF0CBF}"
EndProject
Global
	GlobalSection(SolutionConfigurationPlatforms) = preSolution
		Debug|Any CPU = Debug|Any CPU
		Debug|iPhone = Debug|iPhone
		Debug|iPhoneSimulator = Debug|iPhoneSimulator
		Release|Any CPU = Release|Any CPU
		Release|iPhone = Release|iPhone
		Release|iPhoneSimulator = Release|iPhoneSimulator
	EndGlobalSection
	GlobalSection(ProjectConfigurationPlatforms) = postSolution
		{DE0B0290-64CF-40A4-A3A9-3F9EC7E4BA2F}.Debug|Any CPU.ActiveCfg = Debug|Any CPU
		{DE0B0290-64CF-40A4-A3A9-3F9EC7E4BA2F}.Debug|Any CPU.Build.0 = Debug|Any CPU
		{DE0B0290-64CF-40A4-A3A9-3F9EC7E4BA2F}.Debug|Any CPU.Deploy.0 = Debug|Any CPU
		{DE0B0290-64CF-40A4-A3A9-3F9EC7E4BA2F}.Debug|iPhone.ActiveCfg = Debug|Any CPU
		{DE0B0290-64CF-40A4-A3A9-3F9EC7E4BA2F}.Debug|iPhone.Build.0 = Debug|Any CPU
		{DE0B0290-64CF-40A4-A3A9-3F9EC7E4BA2F}.Debug|iPhone.Deploy.0 = Debug|Any CPU
		{DE0B0290-64CF-40A4-A3A9-3F9EC7E4BA2F}.Debug|iPhoneSimulator.ActiveCfg = Debug|Any CPU
		{DE0B0290-64CF-40A4-A3A9-3F9EC7E4BA2F}.Debug|iPhoneSimulator.Build.0 = Debug|Any CPU
		{DE0B0290-64CF-40A4-A3A9-3F9EC7E4BA2F}.Debug|iPhoneSimulator.Deploy.0 = Debug|Any CPU
		{DE0B0290-64CF-40A4-A3A9-3F9EC7E4BA2F}.Release|Any CPU.ActiveCfg = Release|Any CPU
		{DE0B0290-64CF-40A4-A3A9-3F9EC7E4BA2F}.Release|Any CPU.Build.0 = Release|Any CPU
		{DE0B0290-64CF-40A4-A3A9-3F9EC7E4BA2F}.Release|Any CPU.Deploy.0 = Release|Any CPU
		{DE0B0290-64CF-40A4-A3A9-3F9EC7E4BA2F}.Release|iPhone.ActiveCfg = Release|Any CPU
		{DE0B0290-64CF-40A4-A3A9-3F9EC7E4BA2F}.Release|iPhone.Build.0 = Release|Any CPU
		{DE0B0290-64CF-40A4-A3A9-3F9EC7E4BA2F}.Release|iPhone.Deploy.0 = Release|Any CPU
		{DE0B0290-64CF-40A4-A3A9-3F9EC7E4BA2F}.Release|iPhoneSimulator.ActiveCfg = Release|Any CPU
		{DE0B0290-64CF-40A4-A3A9-3F9EC7E4BA2F}.Release|iPhoneSimulator.Build.0 = Release|Any CPU
		{DE0B0290-64CF-40A4-A3A9-3F9EC7E4BA2F}.Release|iPhoneSimulator.Deploy.0 = Release|Any CPU
		{5ECCEE0F-C125-4EE0-BB56-E1FCCDC9782F}.Debug|Any CPU.ActiveCfg = Debug|iPhoneSimulator
		{5ECCEE0F-C125-4EE0-BB56-E1FCCDC9782F}.Debug|Any CPU.Build.0 = Debug|iPhoneSimulator
		{5ECCEE0F-C125-4EE0-BB56-E1FCCDC9782F}.Debug|Any CPU.Deploy.0 = Debug|iPhoneSimulator
		{5ECCEE0F-C125-4EE0-BB56-E1FCCDC9782F}.Debug|iPhone.ActiveCfg = Debug|iPhone
		{5ECCEE0F-C125-4EE0-BB56-E1FCCDC9782F}.Debug|iPhone.Build.0 = Debug|iPhone
		{5ECCEE0F-C125-4EE0-BB56-E1FCCDC9782F}.Debug|iPhone.Deploy.0 = Debug|iPhone
		{5ECCEE0F-C125-4EE0-BB56-E1FCCDC9782F}.Debug|iPhoneSimulator.ActiveCfg = Debug|iPhoneSimulator
		{5ECCEE0F-C125-4EE0-BB56-E1FCCDC9782F}.Debug|iPhoneSimulator.Build.0 = Debug|iPhoneSimulator
		{5ECCEE0F-C125-4EE0-BB56-E1FCCDC9782F}.Debug|iPhoneSimulator.Deploy.0 = Debug|iPhoneSimulator
		{5ECCEE0F-C125-4EE0-BB56-E1FCCDC9782F}.Release|Any CPU.ActiveCfg = Release|iPhone
		{5ECCEE0F-C125-4EE0-BB56-E1FCCDC9782F}.Release|Any CPU.Build.0 = Release|iPhone
		{5ECCEE0F-C125-4EE0-BB56-E1FCCDC9782F}.Release|Any CPU.Deploy.0 = Release|iPhone
		{5ECCEE0F-C125-4EE0-BB56-E1FCCDC9782F}.Release|iPhone.ActiveCfg = Release|iPhone
		{5ECCEE0F-C125-4EE0-BB56-E1FCCDC9782F}.Release|iPhone.Build.0 = Release|iPhone
		{5ECCEE0F-C125-4EE0-BB56-E1FCCDC9782F}.Release|iPhone.Deploy.0 = Release|iPhone
		{5ECCEE0F-C125-4EE0-BB56-E1FCCDC9782F}.Release|iPhoneSimulator.ActiveCfg = Release|iPhoneSimulator
		{5ECCEE0F-C125-4EE0-BB56-E1FCCDC9782F}.Release|iPhoneSimulator.Build.0 = Release|iPhoneSimulator
		{5ECCEE0F-C125-4EE0-BB56-E1FCCDC9782F}.Release|iPhoneSimulator.Deploy.0 = Release|iPhoneSimulator
		{B80FA3BE-1252-4EB7-A6B5-492D58CF0CBF}.Debug|Any CPU.ActiveCfg = Debug|Any CPU
		{B80FA3BE-1252-4EB7-A6B5-492D58CF0CBF}.Debug|Any CPU.Build.0 = Debug|Any CPU
		{B80FA3BE-1252-4EB7-A6B5-492D58CF0CBF}.Debug|Any CPU.Deploy.0 = Debug|Any CPU
		{B80FA3BE-1252-4EB7-A6B5-492D58CF0CBF}.Debug|iPhone.ActiveCfg = Debug|Any CPU
		{B80FA3BE-1252-4EB7-A6B5-492D58CF0CBF}.Debug|iPhone.Build.0 = Debug|Any CPU
		{B80FA3BE-1252-4EB7-A6B5-492D58CF0CBF}.Debug|iPhone.Deploy.0 = Debug|Any CPU
		{B80FA3BE-1252-4EB7-A6B5-492D58CF0CBF}.Debug|iPhoneSimulator.ActiveCfg = Debug|Any CPU
		{B80FA3BE-1252-4EB7-A6B5-492D58CF0CBF}.Debug|iPhoneSimulator.Build.0 = Debug|Any CPU
		{B80FA3BE-1252-4EB7-A6B5-492D58CF0CBF}.Debug|iPhoneSimulator.Deploy.0 = Debug|Any CPU
		{B80FA3BE-1252-4EB7-A6B5-492D58CF0CBF}.Release|Any CPU.ActiveCfg = Release|Any CPU
		{B80FA3BE-1252-4EB7-A6B5-492D58CF0CBF}.Release|Any CPU.Build.0 = Release|Any CPU
		{B80FA3BE-1252-4EB7-A6B5-492D58CF0CBF}.Release|Any CPU.Deploy.0 = Release|Any CPU
		{B80FA3BE-1252-4EB7-A6B5-492D58CF0CBF}.Release|iPhone.ActiveCfg = Release|Any CPU
		{B80FA3BE-1252-4EB7-A6B5-492D58CF0CBF}.Release|iPhone.Build.0 = Release|Any CPU
		{B80FA3BE-1252-4EB7-A6B5-492D58CF0CBF}.Release|iPhone.Deploy.0 = Release|Any CPU
		{B80FA3BE-1252-4EB7-A6B5-492D58CF0CBF}.Release|iPhoneSimulator.ActiveCfg = Release|Any CPU
		{B80FA3BE-1252-4EB7-A6B5-492D58CF0CBF}.Release|iPhoneSimulator.Build.0 = Release|Any CPU
		{B80FA3BE-1252-4EB7-A6B5-492D58CF0CBF}.Release|iPhoneSimulator.Deploy.0 = Release|Any CPU
	EndGlobalSection
	GlobalSection(SolutionProperties) = preSolution
		HideSolutionNode = FALSE
	EndGlobalSection
	GlobalSection(ExtensibilityGlobals) = postSolution
		SolutionGuid = {7D717460-04DF-4B88-BEE9-0871E182A3F1}
	EndGlobalSection
EndGlobal
